
Microsoft Visual Studio Solution File, Format Version 12.00
# Visual Studio Version 17
VisualStudioVersion = 17.7.34009.444
MinimumVisualStudioVersion = 10.0.40219.1
Project("{9A19103F-16F7-4668-BE54-9A1E7A4F7556}") = "DataToolKit", "DataToolKit.csproj", "{CA4DD90B-26F9-47E2-B157-16409A1DBDEC}"
EndProject
Global
	GlobalSection(SolutionConfigurationPlatforms) = preSolution
		Debug|Any CPU = Debug|Any CPU
		Release|Any CPU = Release|Any CPU
	EndGlobalSection
	GlobalSection(ProjectConfigurationPlatforms) = postSolution
		{CA4DD90B-26F9-47E2-B157-16409A1DBDEC}.Debug|Any CPU.ActiveCfg = Debug|Any CPU
		{CA4DD90B-26F9-47E2-B157-16409A1DBDEC}.Debug|Any CPU.Build.0 = Debug|Any CPU
		{CA4DD90B-26F9-47E2-B157-16409A1DBDEC}.Release|Any CPU.ActiveCfg = Release|Any CPU
		{CA4DD90B-26F9-47E2-B157-16409A1DBDEC}.Release|Any CPU.Build.0 = Release|Any CPU
	EndGlobalSection
	GlobalSection(SolutionProperties) = preSolution
		HideSolutionNode = FALSE
	EndGlobalSection
	GlobalSection(ExtensibilityGlobals) = postSolution
		SolutionGuid = {61D648A8-A2BB-4FD9-BBF3-1549C8A91EC8}
	EndGlobalSection
EndGlobal
